
Microsoft Visual Studio Solution File, Format Version 12.00
# Visual Studio Version 17
VisualStudioVersion = 17.1.32319.34
MinimumVisualStudioVersion = 10.0.40219.1
Project("{9A19103F-16F7-4668-BE54-9A1E7A4F7556}") = "TinyRenderer", "TinyRenderer\TinyRenderer.csproj", "{065A59E1-BF8C-4CA4-AA4E-6856A339E370}"
EndProject
Project("{FAE04EC0-301F-11D3-BF4B-00C04F79EFBC}") = "TinyRenderer.SandBox", "TinyRenderer.SandBox\TinyRenderer.SandBox.csproj", "{39F3A7B3-92A2-4BF9-81AD-514FA7FE305E}"
EndProject
Global
	GlobalSection(SolutionConfigurationPlatforms) = preSolution
		Debug|Any CPU = Debug|Any CPU
		Release|Any CPU = Release|Any CPU
	EndGlobalSection
	GlobalSection(ProjectConfigurationPlatforms) = postSolution
		{065A59E1-BF8C-4CA4-AA4E-6856A339E370}.Debug|Any CPU.ActiveCfg = Debug|Any CPU
		{065A59E1-BF8C-4CA4-AA4E-6856A339E370}.Debug|Any CPU.Build.0 = Debug|Any CPU
		{065A59E1-BF8C-4CA4-AA4E-6856A339E370}.Release|Any CPU.ActiveCfg = Release|Any CPU
		{065A59E1-BF8C-4CA4-AA4E-6856A339E370}.Release|Any CPU.Build.0 = Release|Any CPU
		{39F3A7B3-92A2-4BF9-81AD-514FA7FE305E}.Debug|Any CPU.ActiveCfg = Debug|Any CPU
		{39F3A7B3-92A2-4BF9-81AD-514FA7FE305E}.Debug|Any CPU.Build.0 = Debug|Any CPU
		{39F3A7B3-92A2-4BF9-81AD-514FA7FE305E}.Release|Any CPU.ActiveCfg = Release|Any CPU
		{39F3A7B3-92A2-4BF9-81AD-514FA7FE305E}.Release|Any CPU.Build.0 = Release|Any CPU
	EndGlobalSection
	GlobalSection(SolutionProperties) = preSolution
		HideSolutionNode = FALSE
	EndGlobalSection
	GlobalSection(ExtensibilityGlobals) = postSolution
		SolutionGuid = {77B0E00D-FB5E-44C1-90A9-35A2632B0038}
	EndGlobalSection
EndGlobal
